<?xml version="1.0" encoding="utf-8"?>
<Project ToolsVersion="4.0" xmlns="http://schemas.microsoft.com/developer/msbuild/2003">
  <ItemGroup>
    <Filter Include="Main">
      <UniqueIdentifier>{4FC737F1-C7A5-4376-A066-2A32D752A2FF}</UniqueIdentifier>
      <Extensions>cpp;c;cc;cxx;c++;cppm;ixx;def;odl;idl;hpj;bat;asm;asmx</Extensions>
    </Filter>
    <Filter Include="DataStructure">
      <UniqueIdentifier>{c9de6a82-710a-425d-a1d8-2e0ee00cb560}</UniqueIdentifier>
    </Filter>
  </ItemGroup>
  <ItemGroup>
    <ClCompile Include="Miro.cpp">
      <Filter>Main</Filter>
    </ClCompile>
    <ClCompile Include="List.cpp">
      <Filter>DataStructure</Filter>
    </ClCompile>
    <ClCompile Include="..\Dongzuck\Array.cpp">
      <Filter>DataStructure</Filter>
    </ClCompile>
    <ClCompile Include="Vector.cpp">
      <Filter>DataStructure</Filter>
    </ClCompile>
  </ItemGroup>
  <ItemGroup>
    <ClInclude Include="List.h">
      <Filter>DataStructure</Filter>
    </ClInclude>
    <ClInclude Include="..\Dongzuck\Array.h">
      <Filter>DataStructure</Filter>
    </ClInclude>
    <ClInclude Include="Vector.h">
      <Filter>DataStructure</Filter>
    </ClInclude>
  </ItemGroup>
</Project>